
Microsoft Visual Studio Solution File, Format Version 12.00
# Visual Studio Version 16
VisualStudioVersion = 16.0.30914.41
MinimumVisualStudioVersion = 10.0.40219.1
Project("{9A19103F-16F7-4668-BE54-9A1E7A4F7556}") = "LibUIAcademy", "UIAcademy\LibUIAcademy.csproj", "{B48B7672-9F1F-48EB-8586-F16F1AE2650C}"
EndProject
Project("{9A19103F-16F7-4668-BE54-9A1E7A4F7556}") = "LibRtspClientSharp", "RtspClientSharp\RtspClientSharp\LibRtspClientSharp.csproj", "{B5B6044E-96D4-41BE-AB11-3E6CD1BF1ED1}"
EndProject
Project("{8BC9CEB8-8B4A-11D0-8D11-00A0C91BC942}") = "libffmpeghelper", "RtspClientSharp\libffmpeghelper\libffmpeghelper.vcxproj", "{3C96BD24-3212-4CD8-86E3-63D1E3E38155}"
EndProject
Project("{FAE04EC0-301F-11D3-BF4B-00C04F79EFBC}") = "SimpleRtspClient", "RtspClientSharp\SimpleRtspClient\SimpleRtspClient.csproj", "{145A3C38-93D1-4E35-8FB9-A8E166E0DAC3}"
EndProject
Project("{FAE04EC0-301F-11D3-BF4B-00C04F79EFBC}") = "SimpleRtspPlayer", "RtspClientSharp\SimpleRtspPlayer\SimpleRtspPlayer.csproj", "{40493D0C-21B8-4357-AE75-D7637B3FC223}"
EndProject
Project("{8BC9CEB8-8B4A-11D0-8D11-00A0C91BC942}") = "MeetingServer", "DesktopSharing(ServerO)\DesktopSharing\DesktopSharing.vcxproj", "{77F4AAA4-0051-480A-9168-A6CB8927FB6E}"
EndProject
Project("{FAE04EC0-301F-11D3-BF4B-00C04F79EFBC}") = "LibUIAcademyFramework", "LibUIAcademyFramework\LibUIAcademyFramework.csproj", "{969C37D6-030D-4D63-82B7-2EF7077BFCA0}"
EndProject
Project("{9A19103F-16F7-4668-BE54-9A1E7A4F7556}") = "LibHexCrypto", "LibHexCrypto\LibHexCrypto.csproj", "{4DCD7EE5-BA05-479A-97B3-664F00A4108F}"
EndProject
Project("{9A19103F-16F7-4668-BE54-9A1E7A4F7556}") = "MeetingPlayerRepair", "MeetingPlayerRepair\MeetingPlayerRepair.csproj", "{EF5F64D5-F716-48DD-9CC8-D71EBDCDE22B}"
EndProject
Project("{9A19103F-16F7-4668-BE54-9A1E7A4F7556}") = "LibHexCryptoStandard", "LibHexCryptoStandard\LibHexCryptoStandard.csproj", "{9FBF883F-31C2-4F35-9038-95D52708494F}"
EndProject
Project("{9A19103F-16F7-4668-BE54-9A1E7A4F7556}") = "TestNet5compability", "TestNet5compability\TestNet5compability.csproj", "{FEEE7640-351C-4316-BFF2-201786836369}"
EndProject
Project("{FAE04EC0-301F-11D3-BF4B-00C04F79EFBC}") = "LibHexCryptoStandardTests1", "LibHexCryptoStandardTests1\LibHexCryptoStandardTests1.csproj", "{9B68B227-27F4-4B8F-9D95-849BC6411F41}"
EndProject
Global
	GlobalSection(SolutionConfigurationPlatforms) = preSolution
		Debug|Any CPU = Debug|Any CPU
		Debug|x64 = Debug|x64
		Debug|x86 = Debug|x86
		Publish|Any CPU = Publish|Any CPU
		Publish|x64 = Publish|x64
		Publish|x86 = Publish|x86
		Release|Any CPU = Release|Any CPU
		Release|x64 = Release|x64
		Release|x86 = Release|x86
	EndGlobalSection
	GlobalSection(ProjectConfigurationPlatforms) = postSolution
		{B48B7672-9F1F-48EB-8586-F16F1AE2650C}.Debug|Any CPU.ActiveCfg = Debug|x86
		{B48B7672-9F1F-48EB-8586-F16F1AE2650C}.Debug|Any CPU.Build.0 = Debug|x86
		{B48B7672-9F1F-48EB-8586-F16F1AE2650C}.Debug|x64.ActiveCfg = Debug|x64
		{B48B7672-9F1F-48EB-8586-F16F1AE2650C}.Debug|x64.Build.0 = Debug|x64
		{B48B7672-9F1F-48EB-8586-F16F1AE2650C}.Debug|x86.ActiveCfg = Debug|x86
		{B48B7672-9F1F-48EB-8586-F16F1AE2650C}.Debug|x86.Build.0 = Debug|x86
		{B48B7672-9F1F-48EB-8586-F16F1AE2650C}.Publish|Any CPU.ActiveCfg = Debug|Any CPU
		{B48B7672-9F1F-48EB-8586-F16F1AE2650C}.Publish|Any CPU.Build.0 = Debug|Any CPU
		{B48B7672-9F1F-48EB-8586-F16F1AE2650C}.Publish|x64.ActiveCfg = Debug|Any CPU
		{B48B7672-9F1F-48EB-8586-F16F1AE2650C}.Publish|x64.Build.0 = Debug|Any CPU
		{B48B7672-9F1F-48EB-8586-F16F1AE2650C}.Publish|x86.ActiveCfg = Debug|Any CPU
		{B48B7672-9F1F-48EB-8586-F16F1AE2650C}.Publish|x86.Build.0 = Debug|Any CPU
		{B48B7672-9F1F-48EB-8586-F16F1AE2650C}.Release|Any CPU.ActiveCfg = Release|Any CPU
		{B48B7672-9F1F-48EB-8586-F16F1AE2650C}.Release|Any CPU.Build.0 = Release|Any CPU
		{B48B7672-9F1F-48EB-8586-F16F1AE2650C}.Release|x64.ActiveCfg = Release|x64
		{B48B7672-9F1F-48EB-8586-F16F1AE2650C}.Release|x64.Build.0 = Release|x64
		{B48B7672-9F1F-48EB-8586-F16F1AE2650C}.Release|x86.ActiveCfg = Release|x86
		{B48B7672-9F1F-48EB-8586-F16F1AE2650C}.Release|x86.Build.0 = Release|x86
		{B5B6044E-96D4-41BE-AB11-3E6CD1BF1ED1}.Debug|Any CPU.ActiveCfg = Debug|x86
		{B5B6044E-96D4-41BE-AB11-3E6CD1BF1ED1}.Debug|Any CPU.Build.0 = Debug|x86
		{B5B6044E-96D4-41BE-AB11-3E6CD1BF1ED1}.Debug|x64.ActiveCfg = Debug|x64
		{B5B6044E-96D4-41BE-AB11-3E6CD1BF1ED1}.Debug|x64.Build.0 = Debug|x64
		{B5B6044E-96D4-41BE-AB11-3E6CD1BF1ED1}.Debug|x86.ActiveCfg = Debug|x86
		{B5B6044E-96D4-41BE-AB11-3E6CD1BF1ED1}.Debug|x86.Build.0 = Debug|x86
		{B5B6044E-96D4-41BE-AB11-3E6CD1BF1ED1}.Publish|Any CPU.ActiveCfg = Publish|Any CPU
		{B5B6044E-96D4-41BE-AB11-3E6CD1BF1ED1}.Publish|Any CPU.Build.0 = Publish|Any CPU
		{B5B6044E-96D4-41BE-AB11-3E6CD1BF1ED1}.Publish|x64.ActiveCfg = Publish|x64
		{B5B6044E-96D4-41BE-AB11-3E6CD1BF1ED1}.Publish|x64.Build.0 = Publish|x64
		{B5B6044E-96D4-41BE-AB11-3E6CD1BF1ED1}.Publish|x86.ActiveCfg = Publish|x86
		{B5B6044E-96D4-41BE-AB11-3E6CD1BF1ED1}.Publish|x86.Build.0 = Publish|x86
		{B5B6044E-96D4-41BE-AB11-3E6CD1BF1ED1}.Release|Any CPU.ActiveCfg = Release|Any CPU
		{B5B6044E-96D4-41BE-AB11-3E6CD1BF1ED1}.Release|Any CPU.Build.0 = Release|Any CPU
		{B5B6044E-96D4-41BE-AB11-3E6CD1BF1ED1}.Release|x64.ActiveCfg = Release|x64
		{B5B6044E-96D4-41BE-AB11-3E6CD1BF1ED1}.Release|x64.Build.0 = Release|x64
		{B5B6044E-96D4-41BE-AB11-3E6CD1BF1ED1}.Release|x86.ActiveCfg = Release|x86
		{B5B6044E-96D4-41BE-AB11-3E6CD1BF1ED1}.Release|x86.Build.0 = Release|x86
		{3C96BD24-3212-4CD8-86E3-63D1E3E38155}.Debug|Any CPU.ActiveCfg = Debug|Win32
		{3C96BD24-3212-4CD8-86E3-63D1E3E38155}.Debug|Any CPU.Build.0 = Debug|Win32
		{3C96BD24-3212-4CD8-86E3-63D1E3E38155}.Debug|x64.ActiveCfg = Debug|x64
		{3C96BD24-3212-4CD8-86E3-63D1E3E38155}.Debug|x64.Build.0 = Debug|x64
		{3C96BD24-3212-4CD8-86E3-63D1E3E38155}.Debug|x86.ActiveCfg = Debug|Win32
		{3C96BD24-3212-4CD8-86E3-63D1E3E38155}.Debug|x86.Build.0 = Debug|Win32
		{3C96BD24-3212-4CD8-86E3-63D1E3E38155}.Publish|Any CPU.ActiveCfg = Debug|Win32
		{3C96BD24-3212-4CD8-86E3-63D1E3E38155}.Publish|Any CPU.Build.0 = Debug|Win32
		{3C96BD24-3212-4CD8-86E3-63D1E3E38155}.Publish|x64.ActiveCfg = Debug|x64
		{3C96BD24-3212-4CD8-86E3-63D1E3E38155}.Publish|x64.Build.0 = Debug|x64
		{3C96BD24-3212-4CD8-86E3-63D1E3E38155}.Publish|x86.ActiveCfg = Debug|Win32
		{3C96BD24-3212-4CD8-86E3-63D1E3E38155}.Publish|x86.Build.0 = Debug|Win32
		{3C96BD24-3212-4CD8-86E3-63D1E3E38155}.Release|Any CPU.ActiveCfg = Release|Win32
		{3C96BD24-3212-4CD8-86E3-63D1E3E38155}.Release|x64.ActiveCfg = Release|x64
		{3C96BD24-3212-4CD8-86E3-63D1E3E38155}.Release|x64.Build.0 = Release|x64
		{3C96BD24-3212-4CD8-86E3-63D1E3E38155}.Release|x86.ActiveCfg = Release|Win32
		{3C96BD24-3212-4CD8-86E3-63D1E3E38155}.Release|x86.Build.0 = Release|Win32
		{145A3C38-93D1-4E35-8FB9-A8E166E0DAC3}.Debug|Any CPU.ActiveCfg = Debug|x86
		{145A3C38-93D1-4E35-8FB9-A8E166E0DAC3}.Debug|Any CPU.Build.0 = Debug|x86
		{145A3C38-93D1-4E35-8FB9-A8E166E0DAC3}.Debug|x64.ActiveCfg = Debug|x64
		{145A3C38-93D1-4E35-8FB9-A8E166E0DAC3}.Debug|x64.Build.0 = Debug|x64
		{145A3C38-93D1-4E35-8FB9-A8E166E0DAC3}.Debug|x86.ActiveCfg = Debug|x86
		{145A3C38-93D1-4E35-8FB9-A8E166E0DAC3}.Debug|x86.Build.0 = Debug|x86
		{145A3C38-93D1-4E35-8FB9-A8E166E0DAC3}.Publish|Any CPU.ActiveCfg = Debug|Any CPU
		{145A3C38-93D1-4E35-8FB9-A8E166E0DAC3}.Publish|Any CPU.Build.0 = Debug|Any CPU
		{145A3C38-93D1-4E35-8FB9-A8E166E0DAC3}.Publish|x64.ActiveCfg = Debug|x64
		{145A3C38-93D1-4E35-8FB9-A8E166E0DAC3}.Publish|x64.Build.0 = Debug|x64
		{145A3C38-93D1-4E35-8FB9-A8E166E0DAC3}.Publish|x86.ActiveCfg = Debug|x86
		{145A3C38-93D1-4E35-8FB9-A8E166E0DAC3}.Publish|x86.Build.0 = Debug|x86
		{145A3C38-93D1-4E35-8FB9-A8E166E0DAC3}.Release|Any CPU.ActiveCfg = Release|Any CPU
		{145A3C38-93D1-4E35-8FB9-A8E166E0DAC3}.Release|Any CPU.Build.0 = Release|Any CPU
		{145A3C38-93D1-4E35-8FB9-A8E166E0DAC3}.Release|x64.ActiveCfg = Release|x64
		{145A3C38-93D1-4E35-8FB9-A8E166E0DAC3}.Release|x64.Build.0 = Release|x64
		{145A3C38-93D1-4E35-8FB9-A8E166E0DAC3}.Release|x86.ActiveCfg = Release|x86
		{145A3C38-93D1-4E35-8FB9-A8E166E0DAC3}.Release|x86.Build.0 = Release|x86
		{40493D0C-21B8-4357-AE75-D7637B3FC223}.Debug|Any CPU.ActiveCfg = Debug|x86
		{40493D0C-21B8-4357-AE75-D7637B3FC223}.Debug|Any CPU.Build.0 = Debug|x86
		{40493D0C-21B8-4357-AE75-D7637B3FC223}.Debug|x64.ActiveCfg = Debug|x64
		{40493D0C-21B8-4357-AE75-D7637B3FC223}.Debug|x64.Build.0 = Debug|x64
		{40493D0C-21B8-4357-AE75-D7637B3FC223}.Debug|x86.ActiveCfg = Debug|x86
		{40493D0C-21B8-4357-AE75-D7637B3FC223}.Debug|x86.Build.0 = Debug|x86
		{40493D0C-21B8-4357-AE75-D7637B3FC223}.Publish|Any CPU.ActiveCfg = Debug|Any CPU
		{40493D0C-21B8-4357-AE75-D7637B3FC223}.Publish|Any CPU.Build.0 = Debug|Any CPU
		{40493D0C-21B8-4357-AE75-D7637B3FC223}.Publish|x64.ActiveCfg = Debug|x64
		{40493D0C-21B8-4357-AE75-D7637B3FC223}.Publish|x64.Build.0 = Debug|x64
		{40493D0C-21B8-4357-AE75-D7637B3FC223}.Publish|x86.ActiveCfg = Debug|x86
		{40493D0C-21B8-4357-AE75-D7637B3FC223}.Publish|x86.Build.0 = Debug|x86
		{40493D0C-21B8-4357-AE75-D7637B3FC223}.Release|Any CPU.ActiveCfg = Release|Any CPU
		{40493D0C-21B8-4357-AE75-D7637B3FC223}.Release|Any CPU.Build.0 = Release|Any CPU
		{40493D0C-21B8-4357-AE75-D7637B3FC223}.Release|x64.ActiveCfg = Release|x64
		{40493D0C-21B8-4357-AE75-D7637B3FC223}.Release|x64.Build.0 = Release|x64
		{40493D0C-21B8-4357-AE75-D7637B3FC223}.Release|x86.ActiveCfg = Release|x86
		{40493D0C-21B8-4357-AE75-D7637B3FC223}.Release|x86.Build.0 = Release|x86
		{77F4AAA4-0051-480A-9168-A6CB8927FB6E}.Debug|Any CPU.ActiveCfg = Debug|Win32
		{77F4AAA4-0051-480A-9168-A6CB8927FB6E}.Debug|Any CPU.Build.0 = Debug|Win32
		{77F4AAA4-0051-480A-9168-A6CB8927FB6E}.Debug|x64.ActiveCfg = Debug|x64
		{77F4AAA4-0051-480A-9168-A6CB8927FB6E}.Debug|x64.Build.0 = Debug|x64
		{77F4AAA4-0051-480A-9168-A6CB8927FB6E}.Debug|x86.ActiveCfg = Debug|Win32
		{77F4AAA4-0051-480A-9168-A6CB8927FB6E}.Debug|x86.Build.0 = Debug|Win32
		{77F4AAA4-0051-480A-9168-A6CB8927FB6E}.Publish|Any CPU.ActiveCfg = Debug|Win32
		{77F4AAA4-0051-480A-9168-A6CB8927FB6E}.Publish|Any CPU.Build.0 = Debug|Win32
		{77F4AAA4-0051-480A-9168-A6CB8927FB6E}.Publish|x64.ActiveCfg = Debug|Win32
		{77F4AAA4-0051-480A-9168-A6CB8927FB6E}.Publish|x64.Build.0 = Debug|Win32
		{77F4AAA4-0051-480A-9168-A6CB8927FB6E}.Publish|x86.ActiveCfg = Debug|Win32
		{77F4AAA4-0051-480A-9168-A6CB8927FB6E}.Publish|x86.Build.0 = Debug|Win32
		{77F4AAA4-0051-480A-9168-A6CB8927FB6E}.Release|Any CPU.ActiveCfg = Release|Win32
		{77F4AAA4-0051-480A-9168-A6CB8927FB6E}.Release|x64.ActiveCfg = Release|x64
		{77F4AAA4-0051-480A-9168-A6CB8927FB6E}.Release|x64.Build.0 = Release|x64
		{77F4AAA4-0051-480A-9168-A6CB8927FB6E}.Release|x86.ActiveCfg = Release|Win32
		{77F4AAA4-0051-480A-9168-A6CB8927FB6E}.Release|x86.Build.0 = Release|Win32
		{969C37D6-030D-4D63-82B7-2EF7077BFCA0}.Debug|Any CPU.ActiveCfg = Debug|Any CPU
		{969C37D6-030D-4D63-82B7-2EF7077BFCA0}.Debug|Any CPU.Build.0 = Debug|Any CPU
		{969C37D6-030D-4D63-82B7-2EF7077BFCA0}.Debug|x64.ActiveCfg = Debug|x64
		{969C37D6-030D-4D63-82B7-2EF7077BFCA0}.Debug|x64.Build.0 = Debug|x64
		{969C37D6-030D-4D63-82B7-2EF7077BFCA0}.Debug|x86.ActiveCfg = Debug|x86
		{969C37D6-030D-4D63-82B7-2EF7077BFCA0}.Debug|x86.Build.0 = Debug|x86
		{969C37D6-030D-4D63-82B7-2EF7077BFCA0}.Publish|Any CPU.ActiveCfg = Debug|Any CPU
		{969C37D6-030D-4D63-82B7-2EF7077BFCA0}.Publish|Any CPU.Build.0 = Debug|Any CPU
		{969C37D6-030D-4D63-82B7-2EF7077BFCA0}.Publish|x64.ActiveCfg = Debug|Any CPU
		{969C37D6-030D-4D63-82B7-2EF7077BFCA0}.Publish|x64.Build.0 = Debug|Any CPU
		{969C37D6-030D-4D63-82B7-2EF7077BFCA0}.Publish|x86.ActiveCfg = Debug|Any CPU
		{969C37D6-030D-4D63-82B7-2EF7077BFCA0}.Publish|x86.Build.0 = Debug|Any CPU
		{969C37D6-030D-4D63-82B7-2EF7077BFCA0}.Release|Any CPU.ActiveCfg = Release|Any CPU
		{969C37D6-030D-4D63-82B7-2EF7077BFCA0}.Release|Any CPU.Build.0 = Release|Any CPU
		{969C37D6-030D-4D63-82B7-2EF7077BFCA0}.Release|x64.ActiveCfg = Release|x64
		{969C37D6-030D-4D63-82B7-2EF7077BFCA0}.Release|x64.Build.0 = Release|x64
		{969C37D6-030D-4D63-82B7-2EF7077BFCA0}.Release|x86.ActiveCfg = Release|x86
		{969C37D6-030D-4D63-82B7-2EF7077BFCA0}.Release|x86.Build.0 = Release|x86
		{4DCD7EE5-BA05-479A-97B3-664F00A4108F}.Debug|Any CPU.ActiveCfg = Debug|Any CPU
		{4DCD7EE5-BA05-479A-97B3-664F00A4108F}.Debug|Any CPU.Build.0 = Debug|Any CPU
		{4DCD7EE5-BA05-479A-97B3-664F00A4108F}.Debug|x64.ActiveCfg = Debug|x64
		{4DCD7EE5-BA05-479A-97B3-664F00A4108F}.Debug|x64.Build.0 = Debug|x64
		{4DCD7EE5-BA05-479A-97B3-664F00A4108F}.Debug|x86.ActiveCfg = Debug|x86
		{4DCD7EE5-BA05-479A-97B3-664F00A4108F}.Debug|x86.Build.0 = Debug|x86
		{4DCD7EE5-BA05-479A-97B3-664F00A4108F}.Publish|Any CPU.ActiveCfg = Debug|Any CPU
		{4DCD7EE5-BA05-479A-97B3-664F00A4108F}.Publish|Any CPU.Build.0 = Debug|Any CPU
		{4DCD7EE5-BA05-479A-97B3-664F00A4108F}.Publish|x64.ActiveCfg = Debug|Any CPU
		{4DCD7EE5-BA05-479A-97B3-664F00A4108F}.Publish|x64.Build.0 = Debug|Any CPU
		{4DCD7EE5-BA05-479A-97B3-664F00A4108F}.Publish|x86.ActiveCfg = Debug|Any CPU
		{4DCD7EE5-BA05-479A-97B3-664F00A4108F}.Publish|x86.Build.0 = Debug|Any CPU
		{4DCD7EE5-BA05-479A-97B3-664F00A4108F}.Release|Any CPU.ActiveCfg = Release|Any CPU
		{4DCD7EE5-BA05-479A-97B3-664F00A4108F}.Release|Any CPU.Build.0 = Release|Any CPU
		{4DCD7EE5-BA05-479A-97B3-664F00A4108F}.Release|x64.ActiveCfg = Release|x64
		{4DCD7EE5-BA05-479A-97B3-664F00A4108F}.Release|x64.Build.0 = Release|x64
		{4DCD7EE5-BA05-479A-97B3-664F00A4108F}.Release|x86.ActiveCfg = Release|x86
		{4DCD7EE5-BA05-479A-97B3-664F00A4108F}.Release|x86.Build.0 = Release|x86
		{EF5F64D5-F716-48DD-9CC8-D71EBDCDE22B}.Debug|Any CPU.ActiveCfg = Debug|Any CPU
		{EF5F64D5-F716-48DD-9CC8-D71EBDCDE22B}.Debug|Any CPU.Build.0 = Debug|Any CPU
		{EF5F64D5-F716-48DD-9CC8-D71EBDCDE22B}.Debug|x64.ActiveCfg = Debug|x64
		{EF5F64D5-F716-48DD-9CC8-D71EBDCDE22B}.Debug|x64.Build.0 = Debug|x64
		{EF5F64D5-F716-48DD-9CC8-D71EBDCDE22B}.Debug|x86.ActiveCfg = Debug|x86
		{EF5F64D5-F716-48DD-9CC8-D71EBDCDE22B}.Debug|x86.Build.0 = Debug|x86
		{EF5F64D5-F716-48DD-9CC8-D71EBDCDE22B}.Publish|Any CPU.ActiveCfg = Debug|Any CPU
		{EF5F64D5-F716-48DD-9CC8-D71EBDCDE22B}.Publish|Any CPU.Build.0 = Debug|Any CPU
		{EF5F64D5-F716-48DD-9CC8-D71EBDCDE22B}.Publish|x64.ActiveCfg = Debug|Any CPU
		{EF5F64D5-F716-48DD-9CC8-D71EBDCDE22B}.Publish|x64.Build.0 = Debug|Any CPU
		{EF5F64D5-F716-48DD-9CC8-D71EBDCDE22B}.Publish|x86.ActiveCfg = Debug|Any CPU
		{EF5F64D5-F716-48DD-9CC8-D71EBDCDE22B}.Publish|x86.Build.0 = Debug|Any CPU
		{EF5F64D5-F716-48DD-9CC8-D71EBDCDE22B}.Release|Any CPU.ActiveCfg = Release|Any CPU
		{EF5F64D5-F716-48DD-9CC8-D71EBDCDE22B}.Release|Any CPU.Build.0 = Release|Any CPU
		{EF5F64D5-F716-48DD-9CC8-D71EBDCDE22B}.Release|x64.ActiveCfg = Release|x64
		{EF5F64D5-F716-48DD-9CC8-D71EBDCDE22B}.Release|x64.Build.0 = Release|x64
		{EF5F64D5-F716-48DD-9CC8-D71EBDCDE22B}.Release|x86.ActiveCfg = Release|x86
		{EF5F64D5-F716-48DD-9CC8-D71EBDCDE22B}.Release|x86.Build.0 = Release|x86
		{9FBF883F-31C2-4F35-9038-95D52708494F}.Debug|Any CPU.ActiveCfg = Debug|Any CPU
		{9FBF883F-31C2-4F35-9038-95D52708494F}.Debug|Any CPU.Build.0 = Debug|Any CPU
		{9FBF883F-31C2-4F35-9038-95D52708494F}.Debug|x64.ActiveCfg = Debug|x64
		{9FBF883F-31C2-4F35-9038-95D52708494F}.Debug|x64.Build.0 = Debug|x64
		{9FBF883F-31C2-4F35-9038-95D52708494F}.Debug|x86.ActiveCfg = Debug|x86
		{9FBF883F-31C2-4F35-9038-95D52708494F}.Debug|x86.Build.0 = Debug|x86
		{9FBF883F-31C2-4F35-9038-95D52708494F}.Publish|Any CPU.ActiveCfg = Debug|Any CPU
		{9FBF883F-31C2-4F35-9038-95D52708494F}.Publish|Any CPU.Build.0 = Debug|Any CPU
		{9FBF883F-31C2-4F35-9038-95D52708494F}.Publish|x64.ActiveCfg = Debug|Any CPU
		{9FBF883F-31C2-4F35-9038-95D52708494F}.Publish|x64.Build.0 = Debug|Any CPU
		{9FBF883F-31C2-4F35-9038-95D52708494F}.Publish|x86.ActiveCfg = Debug|Any CPU
		{9FBF883F-31C2-4F35-9038-95D52708494F}.Publish|x86.Build.0 = Debug|Any CPU
		{9FBF883F-31C2-4F35-9038-95D52708494F}.Release|Any CPU.ActiveCfg = Release|Any CPU
		{9FBF883F-31C2-4F35-9038-95D52708494F}.Release|Any CPU.Build.0 = Release|Any CPU
		{9FBF883F-31C2-4F35-9038-95D52708494F}.Release|x64.ActiveCfg = Release|x64
		{9FBF883F-31C2-4F35-9038-95D52708494F}.Release|x64.Build.0 = Release|x64
		{9FBF883F-31C2-4F35-9038-95D52708494F}.Release|x86.ActiveCfg = Release|x86
		{9FBF883F-31C2-4F35-9038-95D52708494F}.Release|x86.Build.0 = Release|x86
		{FEEE7640-351C-4316-BFF2-201786836369}.Debug|Any CPU.ActiveCfg = Debug|Any CPU
		{FEEE7640-351C-4316-BFF2-201786836369}.Debug|Any CPU.Build.0 = Debug|Any CPU
		{FEEE7640-351C-4316-BFF2-201786836369}.Debug|x64.ActiveCfg = Debug|x64
		{FEEE7640-351C-4316-BFF2-201786836369}.Debug|x64.Build.0 = Debug|x64
		{FEEE7640-351C-4316-BFF2-201786836369}.Debug|x86.ActiveCfg = Debug|x86
		{FEEE7640-351C-4316-BFF2-201786836369}.Debug|x86.Build.0 = Debug|x86
		{FEEE7640-351C-4316-BFF2-201786836369}.Publish|Any CPU.ActiveCfg = Debug|Any CPU
		{FEEE7640-351C-4316-BFF2-201786836369}.Publish|Any CPU.Build.0 = Debug|Any CPU
		{FEEE7640-351C-4316-BFF2-201786836369}.Publish|x64.ActiveCfg = Debug|Any CPU
		{FEEE7640-351C-4316-BFF2-201786836369}.Publish|x64.Build.0 = Debug|Any CPU
		{FEEE7640-351C-4316-BFF2-201786836369}.Publish|x86.ActiveCfg = Debug|Any CPU
		{FEEE7640-351C-4316-BFF2-201786836369}.Publish|x86.Build.0 = Debug|Any CPU
		{FEEE7640-351C-4316-BFF2-201786836369}.Release|Any CPU.ActiveCfg = Release|Any CPU
		{FEEE7640-351C-4316-BFF2-201786836369}.Release|Any CPU.Build.0 = Release|Any CPU
		{FEEE7640-351C-4316-BFF2-201786836369}.Release|x64.ActiveCfg = Release|x64
		{FEEE7640-351C-4316-BFF2-201786836369}.Release|x64.Build.0 = Release|x64
		{FEEE7640-351C-4316-BFF2-201786836369}.Release|x86.ActiveCfg = Release|x86
		{FEEE7640-351C-4316-BFF2-201786836369}.Release|x86.Build.0 = Release|x86
		{9B68B227-27F4-4B8F-9D95-849BC6411F41}.Debug|Any CPU.ActiveCfg = Debug|Any CPU
		{9B68B227-27F4-4B8F-9D95-849BC6411F41}.Debug|Any CPU.Build.0 = Debug|Any CPU
		{9B68B227-27F4-4B8F-9D95-849BC6411F41}.Debug|x64.ActiveCfg = Debug|Any CPU
		{9B68B227-27F4-4B8F-9D95-849BC6411F41}.Debug|x64.Build.0 = Debug|Any CPU
		{9B68B227-27F4-4B8F-9D95-849BC6411F41}.Debug|x86.ActiveCfg = Debug|Any CPU
		{9B68B227-27F4-4B8F-9D95-849BC6411F41}.Debug|x86.Build.0 = Debug|Any CPU
		{9B68B227-27F4-4B8F-9D95-849BC6411F41}.Publish|Any CPU.ActiveCfg = Debug|Any CPU
		{9B68B227-27F4-4B8F-9D95-849BC6411F41}.Publish|Any CPU.Build.0 = Debug|Any CPU
		{9B68B227-27F4-4B8F-9D95-849BC6411F41}.Publish|x64.ActiveCfg = Debug|Any CPU
		{9B68B227-27F4-4B8F-9D95-849BC6411F41}.Publish|x64.Build.0 = Debug|Any CPU
		{9B68B227-27F4-4B8F-9D95-849BC6411F41}.Publish|x86.ActiveCfg = Debug|Any CPU
		{9B68B227-27F4-4B8F-9D95-849BC6411F41}.Publish|x86.Build.0 = Debug|Any CPU
		{9B68B227-27F4-4B8F-9D95-849BC6411F41}.Release|Any CPU.ActiveCfg = Release|Any CPU
		{9B68B227-27F4-4B8F-9D95-849BC6411F41}.Release|Any CPU.Build.0 = Release|Any CPU
		{9B68B227-27F4-4B8F-9D95-849BC6411F41}.Release|x64.ActiveCfg = Release|Any CPU
		{9B68B227-27F4-4B8F-9D95-849BC6411F41}.Release|x64.Build.0 = Release|Any CPU
		{9B68B227-27F4-4B8F-9D95-849BC6411F41}.Release|x86.ActiveCfg = Release|Any CPU
		{9B68B227-27F4-4B8F-9D95-849BC6411F41}.Release|x86.Build.0 = Release|Any CPU
	EndGlobalSection
	GlobalSection(SolutionProperties) = preSolution
		HideSolutionNode = FALSE
	EndGlobalSection
	GlobalSection(ExtensibilityGlobals) = postSolution
		SolutionGuid = {6DCE6DAC-C769-4B5F-B9AD-269421FC3C89}
	EndGlobalSection
EndGlobal
