
Microsoft Visual Studio Solution File, Format Version 12.00
# Visual Studio Version 16
VisualStudioVersion = 16.0.30914.41
MinimumVisualStudioVersion = 10.0.40219.1
Project("{FAE04EC0-301F-11D3-BF4B-00C04F79EFBC}") = "MeetingClient", "MeetingClient\MeetingClient.csproj", "{E692B79D-6757-43FF-87A8-B207DA57C1FD}"
EndProject
Project("{FAE04EC0-301F-11D3-BF4B-00C04F79EFBC}") = "LibUIAcademy", "UIAcademy\LibUIAcademy.csproj", "{B48B7672-9F1F-48EB-8586-F16F1AE2650C}"
EndProject
Project("{8BC9CEB8-8B4A-11D0-8D11-00A0C91BC942}") = "MeetingServer", "..\..\original\DesktopSharing(ServerO)\DesktopSharing\DesktopSharing.vcxproj", "{77F4AAA4-0051-480A-9168-A6CB8927FB6E}"
EndProject
Project("{9A19103F-16F7-4668-BE54-9A1E7A4F7556}") = "LibRtspClientSharp", "..\..\original\RtspClientSharp\RtspClientSharp\LibRtspClientSharp.csproj", "{4784E3A5-5A6E-4439-8514-EDF51CC5E8F0}"
EndProject
Project("{FAE04EC0-301F-11D3-BF4B-00C04F79EFBC}") = "SimpleRtspPlayer", "..\..\original\RtspClientSharp\Examples\SimpleRtspPlayer\SimpleRtspPlayer.csproj", "{40493D0C-21B8-4357-AE75-D7637B3FC223}"
	ProjectSection(ProjectDependencies) = postProject
		{3C96BD24-3212-4CD8-86E3-63D1E3E38155} = {3C96BD24-3212-4CD8-86E3-63D1E3E38155}
	EndProjectSection
EndProject
Project("{8BC9CEB8-8B4A-11D0-8D11-00A0C91BC942}") = "libffmpeghelper", "..\..\original\RtspClientSharp\Examples\libffmpeghelper\libffmpeghelper.vcxproj", "{3C96BD24-3212-4CD8-86E3-63D1E3E38155}"
EndProject
Global
	GlobalSection(SolutionConfigurationPlatforms) = preSolution
		Debug|Any CPU = Debug|Any CPU
		Debug|x64 = Debug|x64
		Debug|x86 = Debug|x86
		Publish|Any CPU = Publish|Any CPU
		Publish|x64 = Publish|x64
		Publish|x86 = Publish|x86
		Release|Any CPU = Release|Any CPU
		Release|x64 = Release|x64
		Release|x86 = Release|x86
	EndGlobalSection
	GlobalSection(ProjectConfigurationPlatforms) = postSolution
		{E692B79D-6757-43FF-87A8-B207DA57C1FD}.Debug|Any CPU.ActiveCfg = Debug|Any CPU
		{E692B79D-6757-43FF-87A8-B207DA57C1FD}.Debug|Any CPU.Build.0 = Debug|Any CPU
		{E692B79D-6757-43FF-87A8-B207DA57C1FD}.Debug|x64.ActiveCfg = Debug|Any CPU
		{E692B79D-6757-43FF-87A8-B207DA57C1FD}.Debug|x64.Build.0 = Debug|Any CPU
		{E692B79D-6757-43FF-87A8-B207DA57C1FD}.Debug|x86.ActiveCfg = Debug|Any CPU
		{E692B79D-6757-43FF-87A8-B207DA57C1FD}.Debug|x86.Build.0 = Debug|Any CPU
		{E692B79D-6757-43FF-87A8-B207DA57C1FD}.Publish|Any CPU.ActiveCfg = Debug|Any CPU
		{E692B79D-6757-43FF-87A8-B207DA57C1FD}.Publish|Any CPU.Build.0 = Debug|Any CPU
		{E692B79D-6757-43FF-87A8-B207DA57C1FD}.Publish|x64.ActiveCfg = Debug|Any CPU
		{E692B79D-6757-43FF-87A8-B207DA57C1FD}.Publish|x64.Build.0 = Debug|Any CPU
		{E692B79D-6757-43FF-87A8-B207DA57C1FD}.Publish|x86.ActiveCfg = Debug|Any CPU
		{E692B79D-6757-43FF-87A8-B207DA57C1FD}.Publish|x86.Build.0 = Debug|Any CPU
		{E692B79D-6757-43FF-87A8-B207DA57C1FD}.Release|Any CPU.ActiveCfg = Release|Any CPU
		{E692B79D-6757-43FF-87A8-B207DA57C1FD}.Release|Any CPU.Build.0 = Release|Any CPU
		{E692B79D-6757-43FF-87A8-B207DA57C1FD}.Release|x64.ActiveCfg = Release|Any CPU
		{E692B79D-6757-43FF-87A8-B207DA57C1FD}.Release|x64.Build.0 = Release|Any CPU
		{E692B79D-6757-43FF-87A8-B207DA57C1FD}.Release|x86.ActiveCfg = Release|x86
		{E692B79D-6757-43FF-87A8-B207DA57C1FD}.Release|x86.Build.0 = Release|x86
		{B48B7672-9F1F-48EB-8586-F16F1AE2650C}.Debug|Any CPU.ActiveCfg = Debug|Any CPU
		{B48B7672-9F1F-48EB-8586-F16F1AE2650C}.Debug|Any CPU.Build.0 = Debug|Any CPU
		{B48B7672-9F1F-48EB-8586-F16F1AE2650C}.Debug|x64.ActiveCfg = Debug|Any CPU
		{B48B7672-9F1F-48EB-8586-F16F1AE2650C}.Debug|x64.Build.0 = Debug|Any CPU
		{B48B7672-9F1F-48EB-8586-F16F1AE2650C}.Debug|x86.ActiveCfg = Debug|Any CPU
		{B48B7672-9F1F-48EB-8586-F16F1AE2650C}.Debug|x86.Build.0 = Debug|Any CPU
		{B48B7672-9F1F-48EB-8586-F16F1AE2650C}.Publish|Any CPU.ActiveCfg = Debug|Any CPU
		{B48B7672-9F1F-48EB-8586-F16F1AE2650C}.Publish|Any CPU.Build.0 = Debug|Any CPU
		{B48B7672-9F1F-48EB-8586-F16F1AE2650C}.Publish|x64.ActiveCfg = Debug|Any CPU
		{B48B7672-9F1F-48EB-8586-F16F1AE2650C}.Publish|x64.Build.0 = Debug|Any CPU
		{B48B7672-9F1F-48EB-8586-F16F1AE2650C}.Publish|x86.ActiveCfg = Debug|Any CPU
		{B48B7672-9F1F-48EB-8586-F16F1AE2650C}.Publish|x86.Build.0 = Debug|Any CPU
		{B48B7672-9F1F-48EB-8586-F16F1AE2650C}.Release|Any CPU.ActiveCfg = Release|Any CPU
		{B48B7672-9F1F-48EB-8586-F16F1AE2650C}.Release|Any CPU.Build.0 = Release|Any CPU
		{B48B7672-9F1F-48EB-8586-F16F1AE2650C}.Release|x64.ActiveCfg = Release|Any CPU
		{B48B7672-9F1F-48EB-8586-F16F1AE2650C}.Release|x64.Build.0 = Release|Any CPU
		{B48B7672-9F1F-48EB-8586-F16F1AE2650C}.Release|x86.ActiveCfg = Release|x86
		{B48B7672-9F1F-48EB-8586-F16F1AE2650C}.Release|x86.Build.0 = Release|x86
		{77F4AAA4-0051-480A-9168-A6CB8927FB6E}.Debug|Any CPU.ActiveCfg = Debug|Win32
		{77F4AAA4-0051-480A-9168-A6CB8927FB6E}.Debug|Any CPU.Build.0 = Debug|Win32
		{77F4AAA4-0051-480A-9168-A6CB8927FB6E}.Debug|x64.ActiveCfg = Debug|Win32
		{77F4AAA4-0051-480A-9168-A6CB8927FB6E}.Debug|x86.ActiveCfg = Debug|Win32
		{77F4AAA4-0051-480A-9168-A6CB8927FB6E}.Debug|x86.Build.0 = Debug|Win32
		{77F4AAA4-0051-480A-9168-A6CB8927FB6E}.Publish|Any CPU.ActiveCfg = Debug|Win32
		{77F4AAA4-0051-480A-9168-A6CB8927FB6E}.Publish|Any CPU.Build.0 = Debug|Win32
		{77F4AAA4-0051-480A-9168-A6CB8927FB6E}.Publish|x64.ActiveCfg = Debug|Win32
		{77F4AAA4-0051-480A-9168-A6CB8927FB6E}.Publish|x64.Build.0 = Debug|Win32
		{77F4AAA4-0051-480A-9168-A6CB8927FB6E}.Publish|x86.ActiveCfg = Debug|Win32
		{77F4AAA4-0051-480A-9168-A6CB8927FB6E}.Publish|x86.Build.0 = Debug|Win32
		{77F4AAA4-0051-480A-9168-A6CB8927FB6E}.Release|Any CPU.ActiveCfg = Release|Win32
		{77F4AAA4-0051-480A-9168-A6CB8927FB6E}.Release|Any CPU.Build.0 = Release|Win32
		{77F4AAA4-0051-480A-9168-A6CB8927FB6E}.Release|x64.ActiveCfg = Release|Win32
		{77F4AAA4-0051-480A-9168-A6CB8927FB6E}.Release|x86.ActiveCfg = Release|Win32
		{77F4AAA4-0051-480A-9168-A6CB8927FB6E}.Release|x86.Build.0 = Release|Win32
		{4784E3A5-5A6E-4439-8514-EDF51CC5E8F0}.Debug|Any CPU.ActiveCfg = Debug|Any CPU
		{4784E3A5-5A6E-4439-8514-EDF51CC5E8F0}.Debug|Any CPU.Build.0 = Debug|Any CPU
		{4784E3A5-5A6E-4439-8514-EDF51CC5E8F0}.Debug|x64.ActiveCfg = Debug|Any CPU
		{4784E3A5-5A6E-4439-8514-EDF51CC5E8F0}.Debug|x86.ActiveCfg = Debug|x86
		{4784E3A5-5A6E-4439-8514-EDF51CC5E8F0}.Debug|x86.Build.0 = Debug|x86
		{4784E3A5-5A6E-4439-8514-EDF51CC5E8F0}.Publish|Any CPU.ActiveCfg = Publish|Any CPU
		{4784E3A5-5A6E-4439-8514-EDF51CC5E8F0}.Publish|Any CPU.Build.0 = Publish|Any CPU
		{4784E3A5-5A6E-4439-8514-EDF51CC5E8F0}.Publish|x64.ActiveCfg = Publish|Any CPU
		{4784E3A5-5A6E-4439-8514-EDF51CC5E8F0}.Publish|x86.ActiveCfg = Publish|x86
		{4784E3A5-5A6E-4439-8514-EDF51CC5E8F0}.Publish|x86.Build.0 = Publish|x86
		{4784E3A5-5A6E-4439-8514-EDF51CC5E8F0}.Release|Any CPU.ActiveCfg = Release|Any CPU
		{4784E3A5-5A6E-4439-8514-EDF51CC5E8F0}.Release|Any CPU.Build.0 = Release|Any CPU
		{4784E3A5-5A6E-4439-8514-EDF51CC5E8F0}.Release|x64.ActiveCfg = Release|Any CPU
		{4784E3A5-5A6E-4439-8514-EDF51CC5E8F0}.Release|x86.ActiveCfg = Release|x86
		{4784E3A5-5A6E-4439-8514-EDF51CC5E8F0}.Release|x86.Build.0 = Release|x86
		{40493D0C-21B8-4357-AE75-D7637B3FC223}.Debug|Any CPU.ActiveCfg = Debug|Any CPU
		{40493D0C-21B8-4357-AE75-D7637B3FC223}.Debug|Any CPU.Build.0 = Debug|Any CPU
		{40493D0C-21B8-4357-AE75-D7637B3FC223}.Debug|x64.ActiveCfg = Debug|Any CPU
		{40493D0C-21B8-4357-AE75-D7637B3FC223}.Debug|x86.ActiveCfg = Debug|x86
		{40493D0C-21B8-4357-AE75-D7637B3FC223}.Debug|x86.Build.0 = Debug|x86
		{40493D0C-21B8-4357-AE75-D7637B3FC223}.Publish|Any CPU.ActiveCfg = Debug|Any CPU
		{40493D0C-21B8-4357-AE75-D7637B3FC223}.Publish|Any CPU.Build.0 = Debug|Any CPU
		{40493D0C-21B8-4357-AE75-D7637B3FC223}.Publish|x64.ActiveCfg = Debug|Any CPU
		{40493D0C-21B8-4357-AE75-D7637B3FC223}.Publish|x86.ActiveCfg = Debug|x86
		{40493D0C-21B8-4357-AE75-D7637B3FC223}.Publish|x86.Build.0 = Debug|x86
		{40493D0C-21B8-4357-AE75-D7637B3FC223}.Release|Any CPU.ActiveCfg = Release|Any CPU
		{40493D0C-21B8-4357-AE75-D7637B3FC223}.Release|Any CPU.Build.0 = Release|Any CPU
		{40493D0C-21B8-4357-AE75-D7637B3FC223}.Release|x64.ActiveCfg = Release|Any CPU
		{40493D0C-21B8-4357-AE75-D7637B3FC223}.Release|x86.ActiveCfg = Release|x86
		{40493D0C-21B8-4357-AE75-D7637B3FC223}.Release|x86.Build.0 = Release|x86
		{3C96BD24-3212-4CD8-86E3-63D1E3E38155}.Debug|Any CPU.ActiveCfg = Debug|Win32
		{3C96BD24-3212-4CD8-86E3-63D1E3E38155}.Debug|x64.ActiveCfg = Debug|x64
		{3C96BD24-3212-4CD8-86E3-63D1E3E38155}.Debug|x64.Build.0 = Debug|x64
		{3C96BD24-3212-4CD8-86E3-63D1E3E38155}.Debug|x86.ActiveCfg = Debug|Win32
		{3C96BD24-3212-4CD8-86E3-63D1E3E38155}.Debug|x86.Build.0 = Debug|Win32
		{3C96BD24-3212-4CD8-86E3-63D1E3E38155}.Publish|Any CPU.ActiveCfg = Debug|Win32
		{3C96BD24-3212-4CD8-86E3-63D1E3E38155}.Publish|Any CPU.Build.0 = Debug|Win32
		{3C96BD24-3212-4CD8-86E3-63D1E3E38155}.Publish|x64.ActiveCfg = Debug|x64
		{3C96BD24-3212-4CD8-86E3-63D1E3E38155}.Publish|x64.Build.0 = Debug|x64
		{3C96BD24-3212-4CD8-86E3-63D1E3E38155}.Publish|x86.ActiveCfg = Debug|Win32
		{3C96BD24-3212-4CD8-86E3-63D1E3E38155}.Publish|x86.Build.0 = Debug|Win32
		{3C96BD24-3212-4CD8-86E3-63D1E3E38155}.Release|Any CPU.ActiveCfg = Release|Win32
		{3C96BD24-3212-4CD8-86E3-63D1E3E38155}.Release|Any CPU.Build.0 = Release|Win32
		{3C96BD24-3212-4CD8-86E3-63D1E3E38155}.Release|x64.ActiveCfg = Release|x64
		{3C96BD24-3212-4CD8-86E3-63D1E3E38155}.Release|x64.Build.0 = Release|x64
		{3C96BD24-3212-4CD8-86E3-63D1E3E38155}.Release|x86.ActiveCfg = Release|Win32
		{3C96BD24-3212-4CD8-86E3-63D1E3E38155}.Release|x86.Build.0 = Release|Win32
	EndGlobalSection
	GlobalSection(SolutionProperties) = preSolution
		HideSolutionNode = FALSE
	EndGlobalSection
	GlobalSection(ExtensibilityGlobals) = postSolution
		SolutionGuid = {6DCE6DAC-C769-4B5F-B9AD-269421FC3C89}
	EndGlobalSection
EndGlobal
